{
  "version": 2,
  "dependencies": {
    "net10.0": {
      "Microsoft.Extensions.DependencyInjection": {
        "type": "Direct",
        "requested": "[10.0.9, )",
        "resolved": "10.0.9",
        "contentHash": "NijozhERJDIaJ4k5TSMy1jOi0cSC2HfkvRD/Sl+kGSSKgVbFnF4GxgtMN/MrzHB8D1JxIrD4xSer9Blh9v3axQ==",
        "dependencies": {
          "Microsoft.Extensions.DependencyInjection.Abstractions": "10.0.9"
        }
      },
      "Microsoft.Extensions.DependencyInjection.Abstractions": {
        "type": "Direct",
        "requested": "[10.0.9, )",
        "resolved": "10.0.9",
        "contentHash": "g41l/30G3K4B/d/L8kjux0+30e27c8D0FVQ/PFCpbekgfDpj9mnDhieP67EqXWvl1EWNeZh2rpR4F5B/jcDOHA=="
      },
      "Microsoft.Extensions.Logging": {
        "type": "Direct",
        "requested": "[10.0.9, )",
        "resolved": "10.0.9",
        "contentHash": "N7Gm9SjugYjmmnhwbBKC9DFqGqjfJvh6YfOJgtwh0AW0Xpok3dIVors1ik050XmUxKAgAc7nNngDIJyFb06K2g==",
        "dependencies": {
          "Microsoft.Extensions.DependencyInjection": "10.0.9",
          "Microsoft.Extensions.Logging.Abstractions": "10.0.9",
          "Microsoft.Extensions.Options": "10.0.9"
        }
      },
      "Microsoft.Extensions.Logging.Abstractions": {
        "type": "Direct",
        "requested": "[10.0.9, )",
        "resolved": "10.0.9",
        "contentHash": "9S/DFt4cohlMPpzIxjG6kk0L8MuN2vDm9pbMCulxtJzzk82oJHVLBd8vuQxaPskaYQwKqmFmbannf5eoChgjYg==",
        "dependencies": {
          "Microsoft.Extensions.DependencyInjection.Abstractions": "10.0.9"
        }
      },
      "Spectre.Console": {
        "type": "Direct",
        "requested": "[0.57.0, )",
        "resolved": "0.57.0",
        "contentHash": "X5+4ZsUYTPlTs5PEoKRlxUuKOa1AkEoAGM34pUeJPjsBdtOnvnaVb31hqewhooomihl1i9fEBid1fz8XxZTacQ==",
        "dependencies": {
          "Spectre.Console.Ansi": "0.57.0"
        }
      },
      "Spectre.Console.Analyzer": {
        "type": "Direct",
        "requested": "[1.0.0, )",
        "resolved": "1.0.0",
        "contentHash": "TojbwWASRf3PMUsotXa8MQ9SNwEwWZZ5bAYf1eLv+jiDsxaD/n7TKTi3da6z4+m8uZHri2i+BVRuLj5w+6j64Q=="
      },
      "Microsoft.Extensions.Options": {
        "type": "Transitive",
        "resolved": "10.0.9",
        "contentHash": "hyNdX4c2UwkRkzb9byw0H2DQkRzwBM3mzY2sCM9egwzTyg8dvQJmp5noQHGEaaCORQrNK3DD2gREBsc2DlXS4A==",
        "dependencies": {
          "Microsoft.Extensions.DependencyInjection.Abstractions": "10.0.9",
          "Microsoft.Extensions.Primitives": "10.0.9"
        }
      },
      "Microsoft.Extensions.Primitives": {
        "type": "Transitive",
        "resolved": "10.0.9",
        "contentHash": "fmEbAUFsaIKirgLt/lYhuFRBwhcSJN31jjHgCdbQxJiWOum6EdLjkbgGuukSP9z/a+9LibaxII/kF+GwOXgC4g=="
      },
      "Spectre.Console.Ansi": {
        "type": "Transitive",
        "resolved": "0.57.0",
        "contentHash": "DGeYljyWAIHSeUAoUGqyzyOqS8WlsHKW+y4zOZ0OO61oqrhx90jHS+XG5Kpq/wWz6ovIs2VL/0CTKpUVa7tdWg=="
      },
      "bookgen.cli": {
        "type": "Project",
        "dependencies": {
          "BookGen.Vfs": "[1.0.0, )",
          "Microsoft.Extensions.DependencyInjection.Abstractions": "[10.0.9, )",
          "Microsoft.Extensions.Logging.Abstractions": "[10.0.9, )"
        }
      },
      "bookgen.contents": {
        "type": "Project"
      },
      "bookgen.shell.shared": {
        "type": "Project",
        "dependencies": {
          "Microsoft.Extensions.Logging.Abstractions": "[10.0.9, )",
          "Spectre.Console": "[0.57.0, )",
          "Webmaster442.WindowsTerminal": "[4.1.1, )"
        }
      },
      "bookgen.vfs": {
        "type": "Project"
      },
      "Webmaster442.WindowsTerminal": {
        "type": "CentralTransitive",
        "requested": "[4.1.1, )",
        "resolved": "4.1.1",
        "contentHash": "0z1y6nFmpAhHP0x/aus62qIS+MDwntC8JYvkqEm5v9QyszzmyQG5Jp01a6FYacaXZ7CsvQgV7TzhA6G6p6MTSA=="
      }
    }
  }
}