{
  "version": 2,
  "dependencies": {
    "net11.0": {
      "HtmlToOpenXml.dll": {
        "type": "Direct",
        "requested": "[3.5.0, )",
        "resolved": "3.5.0",
        "contentHash": "ULQqQidtvWfGhds11YWG0uAkRYGXFzn3mNA6ZVnByJUV/1pqkR4fVAF3f7V1cSbpdSWCwoPtFbAef//rUNCmKA==",
        "dependencies": {
          "AngleSharp": "1.5.0",
          "DocumentFormat.OpenXml": "3.5.1"
        }
      },
      "Markdig": {
        "type": "Direct",
        "requested": "[1.3.2, )",
        "resolved": "1.3.2",
        "contentHash": "fZgOC/3CswUrndjDTac70aQpYdtxbW5+5bRumR7vzvI2HJbkmgKisB1c9oT+GA6v0jB/JDR9BLa9FiPzQmaK6A=="
      },
      "Microsoft.Extensions.Caching.Memory": {
        "type": "Direct",
        "requested": "[11.0.0-preview.7.26381.103, )",
        "resolved": "11.0.0-preview.7.26381.103",
        "contentHash": "K3JeRtSGa85pWo+IrTHwv5PZvA7mHitQxvC83CT9gvrsZIJj0BTV0tLfHRAn3lL/o4gw7nJ6u681QkWhKISzlg=="
      },
      "Microsoft.Extensions.DependencyInjection": {
        "type": "Direct",
        "requested": "[11.0.0-preview.7.26381.103, )",
        "resolved": "11.0.0-preview.7.26381.103",
        "contentHash": "IgS1YfEd2i0p/zY8ytcW1zaFR3ivC0M4Ce3JnpZoKpzK9MogNkHb9BZPqYtq0mDuCe2ouirh6058glgPxhwD8g=="
      },
      "Microsoft.Extensions.Logging": {
        "type": "Direct",
        "requested": "[11.0.0-preview.7.26381.103, )",
        "resolved": "11.0.0-preview.7.26381.103",
        "contentHash": "VoYsG/1Gt7kpSeno7eUrnLKfusYZf9L8qSnYtMNh1ClwXKIfKU6+g+Lq23VeanJP2ieQyPBH0xtSzay8J7r9lQ==",
        "dependencies": {
          "Microsoft.Extensions.DependencyInjection": "11.0.0-preview.7.26381.103"
        }
      },
      "Microsoft.IO.RecyclableMemoryStream": {
        "type": "Direct",
        "requested": "[4.0.1-preview, )",
        "resolved": "4.0.1-preview",
        "contentHash": "V3alvRGpiW7bodGtgz+uOnR2K5mDQGCmqjR/vc76x9giVC1l6ucbEbOFbtojHYJfZpQ24gXIMDZDi0KNUPkQOg=="
      },
      "Roslynator.Analyzers": {
        "type": "Direct",
        "requested": "[5.0.0, )",
        "resolved": "5.0.0",
        "contentHash": "+J5kR/naCd62IwY2BG9P0QoHnJM8liBUFFAk6jga1t9s61JC3M+ofb3AY3wc73/pdROyKFCURqctQh8WRCIT/w=="
      },
      "Spectre.Console": {
        "type": "Direct",
        "requested": "[0.57.2, )",
        "resolved": "0.57.2",
        "contentHash": "wzsB+P9i6F9G+cFOJxRotCiQWNSzZVAMxi8YMiHlGXXU1JLMXGp7zSSqBMmROZS2bzpK5jk+Saa7Evp8HwqhKg==",
        "dependencies": {
          "Spectre.Console.Ansi": "0.57.2"
        }
      },
      "Spectre.Console.Analyzer": {
        "type": "Direct",
        "requested": "[1.0.0, )",
        "resolved": "1.0.0",
        "contentHash": "TojbwWASRf3PMUsotXa8MQ9SNwEwWZZ5bAYf1eLv+jiDsxaD/n7TKTi3da6z4+m8uZHri2i+BVRuLj5w+6j64Q=="
      },
      "WeCantSpell.Hunspell": {
        "type": "Direct",
        "requested": "[7.0.1, )",
        "resolved": "7.0.1",
        "contentHash": "Ha0x66QWA+IPj2kJYoweA8MSnB1tymBW6kAIS6Kkj/U3SlMLCBPjDlUXzrrY1zJAxVItrGpFIXjkl3eEIYIE9A=="
      },
      "DocumentFormat.OpenXml": {
        "type": "Transitive",
        "resolved": "3.5.1",
        "contentHash": "zxdOf5VVCe/uNklbRhj8dVBzQGj3DoqkUuqOp9cAZVuN8mNYDjof1lvSQA2OQNr8Ptc9d7pbA7Azq/ReaI3FpA==",
        "dependencies": {
          "DocumentFormat.OpenXml.Framework": "3.5.1"
        }
      },
      "DocumentFormat.OpenXml.Framework": {
        "type": "Transitive",
        "resolved": "3.5.1",
        "contentHash": "U5txtc3ORno73xQx9Lf2gWzfaSZnZwKHfLkTAslhlew9lxe5XbUiCt0dY1fHeAf8yRqszUAe5i/+xLC9R/Xfsw==",
        "dependencies": {
          "System.IO.Packaging": "10.0.2"
        }
      },
      "ExCSS": {
        "type": "Transitive",
        "resolved": "4.3.1",
        "contentHash": "A8UtcghHQlWxPJhJF5bsfEYO7068JHGTuJ7tzyyMjd5fE/N/xY1cVOUhzuLLFwMOCJVnM4mqSQc93W9fGfZ1kA=="
      },
      "HarfBuzzSharp": {
        "type": "Transitive",
        "resolved": "14.2.0",
        "contentHash": "B9zczdZELTKyJoNZXJLTgq+Ho2Z6H8oFcFbelvmHixkA8/2sH9acE589KvOa951g1aN262pOU5ThhZxw33bGSg==",
        "dependencies": {
          "HarfBuzzSharp.NativeAssets.Win32": "14.2.0",
          "HarfBuzzSharp.NativeAssets.macOS": "14.2.0"
        }
      },
      "HarfBuzzSharp.NativeAssets.Linux": {
        "type": "Transitive",
        "resolved": "14.2.0",
        "contentHash": "KgdkGoqCoRPAdekskR9asBbY5tzfqRcYQ0/+hz8rvPMAmbQqX1g57xr6rbGUyIVY5j5ioExZWUZ10QocUVpgwQ=="
      },
      "HarfBuzzSharp.NativeAssets.macOS": {
        "type": "Transitive",
        "resolved": "14.2.0",
        "contentHash": "v2AfGa0Q0aNRz7glbRTvkrR8w2pipUpyRHDNjOCPXnnHE3pjY0ycTY0L7dL/AByd53aQ0AGPwIEP1H9hZPPywg=="
      },
      "HarfBuzzSharp.NativeAssets.Win32": {
        "type": "Transitive",
        "resolved": "14.2.0",
        "contentHash": "NCqaG3bJDl66JdmHeyOpRUf4eiGVwu8OSxGv6ukofBiukVyUpWj01btr/telMQLQ+XuQ83iDpi6NRDFoRIcojA=="
      },
      "Microsoft.ClearScript.Core": {
        "type": "Transitive",
        "resolved": "7.5.1.1",
        "contentHash": "H3R4OaqQPfwxewnZcvTU6qUFyzJ05FchBD4IlO6Z0WO3iWh8PyAWHDcnt4FUmo/t0m40o8rkgnJ7g9pDT7pwJQ=="
      },
      "Microsoft.ClearScript.V8": {
        "type": "Transitive",
        "resolved": "7.5.1.1",
        "contentHash": "oEJxEMqzzC8XYE9kA1ajmfmloAuSlNIzNyrIfwROXkKjfeePptvUT22MqHfV6rRV4//B7XShlq7VM6o2ZM1eZQ==",
        "dependencies": {
          "Microsoft.ClearScript.Core": "7.5.1.1",
          "Microsoft.ClearScript.V8.ICUData": "7.5.1.1",
          "Newtonsoft.Json": "13.0.3"
        }
      },
      "Microsoft.ClearScript.V8.ICUData": {
        "type": "Transitive",
        "resolved": "7.5.1.1",
        "contentHash": "Jg3yFIWPkfsjOHzVUTbA0VgnxXBtX9BwSL00E8HIljFm3f203e+mlJYO0tTHnqetA0xZyLKbRjRuPotUP/47Nw=="
      },
      "Microsoft.ClearScript.V8.Native.win-x86": {
        "type": "Transitive",
        "resolved": "7.5.1.1",
        "contentHash": "Y2ThCEOpf0FI/CxoJcLTi04T8ghongf4xwOKglbqszhyDAdybg03hXoj59S8lg9Ym0ikXR2oh1+cZfskrX3eTA=="
      },
      "Microsoft.ClearScript.Windows": {
        "type": "Transitive",
        "resolved": "7.5.1.1",
        "contentHash": "WRLieCurYIetStUMKAZS2bFZUzHYmfFs7uL/+xTrxNnoMymdkWg6wp2Rsy0M4rLlXOoz1E+sMzhJDi6G8Fz+DA==",
        "dependencies": {
          "Microsoft.ClearScript.Windows.Core": "7.5.1.1"
        }
      },
      "Microsoft.ClearScript.Windows.Core": {
        "type": "Transitive",
        "resolved": "7.5.1.1",
        "contentHash": "ijhFErGPOWaTgCB9ywwqwyxtZhB15CC9OJ4UCjfWRgEHD7XFQ9r9UAdOfG1/C/nNFK7hELkFrxq9Dup3C3Npog==",
        "dependencies": {
          "Microsoft.ClearScript.Core": "7.5.1.1"
        }
      },
      "Newtonsoft.Json": {
        "type": "Transitive",
        "resolved": "13.0.3",
        "contentHash": "HrC5BXdl00IP9zeV+0Z848QWPAoCr9P3bDEZguI+gkLcBKAOxix/tLEAAHC+UvDNPv4a2d18lOReHMOagPa+zQ=="
      },
      "ShimSkiaSharp": {
        "type": "Transitive",
        "resolved": "5.2.3",
        "contentHash": "BBmIvh70WduWEF8C9HeU12LmHkg6+h2SRwJzey/tmztRk4ttAxhyu9eAD/jlsNGlqquYpoCQyyTx+QynavyfVA=="
      },
      "SkiaSharp.NativeAssets.macOS": {
        "type": "Transitive",
        "resolved": "4.152.0",
        "contentHash": "Vjx2sPleQDJXQjINxMzHaIU1KFyYAUerfBnwLAjMGSUCf0vCrSU2Y4LvCH0yAheeuu0YdlVfeSMiCKZYVJ12kA=="
      },
      "Spectre.Console.Ansi": {
        "type": "Transitive",
        "resolved": "0.57.2",
        "contentHash": "Y1+u73shwP+JYHmrkdN6bSt2kaGBEAafhi2nrecczbXdFRey+k7J/WF9YPfcB0rqivv2S8fmif6FSBq9m/AFvw=="
      },
      "Svg.Animation": {
        "type": "Transitive",
        "resolved": "5.2.3",
        "contentHash": "mlbLFKzSVL2wMvDxnlMKLbdbbCbZBjDwSgmCZ7dHE4l0DtVUX5kHixngZlUP8AuBoikzqsXZt4+IXJhbeJjAdA==",
        "dependencies": {
          "ShimSkiaSharp": "5.2.3",
          "SkiaSharp": "4.148.0",
          "Svg.Custom": "5.2.3",
          "Svg.Model": "5.2.3"
        }
      },
      "Svg.Custom": {
        "type": "Transitive",
        "resolved": "5.2.3",
        "contentHash": "epicuKTb55l7Y6c3f9pdP0RkoifVieS9sWvA9HsppTfYyV7RFZg89+fUA9TTPcuccqi0GUGwiPEi+9b881zlDw==",
        "dependencies": {
          "ExCSS": "4.3.1"
        }
      },
      "Svg.Model": {
        "type": "Transitive",
        "resolved": "5.2.3",
        "contentHash": "iZInP4/48rIkpFxVJNMmxDDjIBaUcGOHrzancQ3cmneHXrtH4MYkm6bzggL9hCiS2dxfLhk3JCiERoGf8j0MlA==",
        "dependencies": {
          "ShimSkiaSharp": "5.2.3",
          "Svg.Custom": "5.2.3"
        }
      },
      "Svg.SceneGraph": {
        "type": "Transitive",
        "resolved": "5.2.3",
        "contentHash": "t9HrB1n499YCvziq+sdapDjMvgY7iSzyldEDalWnoZCP3cncu92gEktBqzhUgo8A+r9mfow2TNf0u5jgV5FvlQ==",
        "dependencies": {
          "ShimSkiaSharp": "5.2.3",
          "Svg.Custom": "5.2.3",
          "Svg.Model": "5.2.3"
        }
      },
      "System.IO.Packaging": {
        "type": "Transitive",
        "resolved": "10.0.2",
        "contentHash": "JTpM4z0wpoIHHDvlCU27HsXo+zVnpWib94HXQpzzr+jc/P9NYf4w353AK4MXyGq/grm1mbLi7eXsOsDU8sGmNg=="
      },
      "bookgen.api": {
        "type": "Project"
      },
      "bookgen.cli": {
        "type": "Project",
        "dependencies": {
          "BookGen.Vfs": "[1.0.0, )"
        }
      },
      "bookgen.contents": {
        "type": "Project"
      },
      "bookgen.lib": {
        "type": "Project",
        "dependencies": {
          "AngleSharp": "[1.8.1, )",
          "BookGen.Shell.Shared": "[1.0.0, )",
          "BookGen.Vfs": "[1.0.0, )",
          "Markdig": "[1.3.2, )",
          "Microsoft.ClearScript": "[7.5.1.1, )",
          "Microsoft.ClearScript.V8.Native.linux-x64": "[7.5.1.1, )",
          "Microsoft.ClearScript.V8.Native.win-x64": "[7.5.1.1, )",
          "PreMailer.Net": "[2.7.4, )",
          "SkiaSharp": "[4.152.0, )",
          "SkiaSharp.NativeAssets.Linux": "[4.152.0, )",
          "SkiaSharp.NativeAssets.Win32": "[4.152.0, )",
          "Svg.Skia": "[5.2.3, )",
          "System.ServiceModel.Syndication": "[11.0.0-preview.7.26381.103, )",
          "YamlDotNet": "[18.1.0, )"
        }
      },
      "bookgen.shell.shared": {
        "type": "Project",
        "dependencies": {
          "Spectre.Console": "[0.57.2, )",
          "Webmaster442.WindowsTerminal": "[4.1.1, )"
        }
      },
      "bookgen.vfs": {
        "type": "Project"
      },
      "AngleSharp": {
        "type": "CentralTransitive",
        "requested": "[1.8.1, )",
        "resolved": "1.8.1",
        "contentHash": "fTLPBxwYK5zmt+ernY3GL1kFBDA/2Cl72hpNnMHeNceZNJ/AT7Km9CXFaMHybuEFhXDy2Dv7Bjkez5G0Z4Io4g=="
      },
      "Microsoft.ClearScript": {
        "type": "CentralTransitive",
        "requested": "[7.5.1.1, )",
        "resolved": "7.5.1.1",
        "contentHash": "Ndl7gJiJzNLcazRJZyq7u6zXEKiZNcORFbeku7UjYCOLmJKZDzwFDigalOsJAsp32tef5bb65/xmsKtnYG2xVw==",
        "dependencies": {
          "Microsoft.ClearScript.V8": "7.5.1.1",
          "Microsoft.ClearScript.V8.ICUData": "7.5.1.1",
          "Microsoft.ClearScript.V8.Native.win-x64": "7.5.1.1",
          "Microsoft.ClearScript.V8.Native.win-x86": "7.5.1.1",
          "Microsoft.ClearScript.Windows": "7.5.1.1"
        }
      },
      "Microsoft.ClearScript.V8.Native.linux-x64": {
        "type": "CentralTransitive",
        "requested": "[7.5.1.1, )",
        "resolved": "7.5.1.1",
        "contentHash": "ZzX0d8KD3h1mkHji3qMZA5gllbArSJErOcgpmOgXp6MNVEcA08TED+InXAS/lnubEs1q0mflnXjHcXIptjDYSA=="
      },
      "Microsoft.ClearScript.V8.Native.win-x64": {
        "type": "CentralTransitive",
        "requested": "[7.5.1.1, )",
        "resolved": "7.5.1.1",
        "contentHash": "N79bR+RG7FD8wv/tdXZuOLDx3YAQ+mSB5P0gcUNMGEFO4DljRSPlJcEzHLrPvrlPzNnc3aV6Rx2v5V3qordPJg=="
      },
      "PreMailer.Net": {
        "type": "CentralTransitive",
        "requested": "[2.7.4, )",
        "resolved": "2.7.4",
        "contentHash": "SrmoWjabHeK4a5mrolGzLMi+z5DMTGzK/Jce0ORs/lGDzvNggDNJF260v4gj5k9aU4LRMp8qILCMCI71t+oa0g==",
        "dependencies": {
          "AngleSharp": "1.7.2"
        }
      },
      "SkiaSharp": {
        "type": "CentralTransitive",
        "requested": "[4.152.0, )",
        "resolved": "4.152.0",
        "contentHash": "TfYpxUV/Ihe5WyGeddJROZA2RhfGaSEKKNDHhREUVCVihtTlcavHQEi29Q0Mtn37AYXAf7EbC+StVPmWk63tkQ==",
        "dependencies": {
          "SkiaSharp.NativeAssets.Win32": "4.152.0",
          "SkiaSharp.NativeAssets.macOS": "4.152.0"
        }
      },
      "SkiaSharp.NativeAssets.Linux": {
        "type": "CentralTransitive",
        "requested": "[4.152.0, )",
        "resolved": "4.152.0",
        "contentHash": "B3713AE9SBHD55nMsaPlXY2C+GvsPsG50SxM/7iYayCvR3WqrQfgrSD4w/cJ9azGVrqrD2mx64esAQxVqK16dA=="
      },
      "SkiaSharp.NativeAssets.Win32": {
        "type": "CentralTransitive",
        "requested": "[4.152.0, )",
        "resolved": "4.152.0",
        "contentHash": "PfyLS6TRP/9YghtW97le8bkzootCietlt7QUqFKGjGcZ6eRjeWNNHCjvxO41O/LYpV4gCthp2xiiUiYTOqfVyA=="
      },
      "Svg.Skia": {
        "type": "CentralTransitive",
        "requested": "[5.2.3, )",
        "resolved": "5.2.3",
        "contentHash": "slGSy5Aje/30Ou2a5aezbGGWLZspBIBYlEzqgtaIVex4FUYAR3mxaYrvMZj1tHy+ESDFCGY7+2FjF6UzqGUZew==",
        "dependencies": {
          "HarfBuzzSharp": "14.2.0",
          "HarfBuzzSharp.NativeAssets.Linux": "14.2.0",
          "HarfBuzzSharp.NativeAssets.Win32": "14.2.0",
          "HarfBuzzSharp.NativeAssets.macOS": "14.2.0",
          "SkiaSharp": "4.148.0",
          "Svg.Animation": "5.2.3",
          "Svg.Custom": "5.2.3",
          "Svg.Model": "5.2.3",
          "Svg.SceneGraph": "5.2.3"
        }
      },
      "System.ServiceModel.Syndication": {
        "type": "CentralTransitive",
        "requested": "[11.0.0-preview.7.26381.103, )",
        "resolved": "11.0.0-preview.7.26381.103",
        "contentHash": "FEtlmar1uSt6u+qmefCO77alkcf4/IoK0qu0bmZ7GfL3vWDAXmBZUxM5uaJvoGoqGDOiKec7s9Qg9N1aH8dCrw=="
      },
      "Webmaster442.WindowsTerminal": {
        "type": "CentralTransitive",
        "requested": "[4.1.1, )",
        "resolved": "4.1.1",
        "contentHash": "0z1y6nFmpAhHP0x/aus62qIS+MDwntC8JYvkqEm5v9QyszzmyQG5Jp01a6FYacaXZ7CsvQgV7TzhA6G6p6MTSA=="
      },
      "YamlDotNet": {
        "type": "CentralTransitive",
        "requested": "[18.1.0, )",
        "resolved": "18.1.0",
        "contentHash": "5K+9KFg2TdTl7VXv88Qzi/0lqK6JFoNP3lRuImPYGRV7K/QYklDyTrj4+A+KAki1JsQi6qKY+hDyY7d6WRqjrw=="
      }
    }
  }
}