{
  "version": 1,
  "dependencies": {
    "net9.0": {
      "Markdig": {
        "type": "Direct",
        "requested": "[0.42.0, )",
        "resolved": "0.42.0",
        "contentHash": "tINdftVfbTujqfPXrQOSl9/6XCS2Y4Zwz+i7UPBgxRNnDtI1CjyQ5UA/5sKoSOmfECyWkTztY/vbcc/u1DA8nA=="
      },
      "Microsoft.Extensions.Logging": {
        "type": "Direct",
        "requested": "[9.0.9, )",
        "resolved": "9.0.9",
        "contentHash": "MaCB0Y9hNDs4YLu3HCJbo199WnJT8xSgajG1JYGANz9FkseQ5f3v/llu3HxLI6mjDlu7pa7ps9BLPWjKzsAAzQ==",
        "dependencies": {
          "Microsoft.Extensions.DependencyInjection": "9.0.9",
          "Microsoft.Extensions.Logging.Abstractions": "9.0.9",
          "Microsoft.Extensions.Options": "9.0.9"
        }
      },
      "Microsoft.Extensions.Logging.Abstractions": {
        "type": "Direct",
        "requested": "[9.0.9, )",
        "resolved": "9.0.9",
        "contentHash": "FEgpSF+Z9StMvrsSViaybOBwR0f0ZZxDm8xV5cSOFiXN/t+ys+rwAlTd/6yG7Ld1gfppgvLcMasZry3GsI9lGA==",
        "dependencies": {
          "Microsoft.Extensions.DependencyInjection.Abstractions": "9.0.9"
        }
      },
      "Microsoft.Extensions.Logging.Console": {
        "type": "Direct",
        "requested": "[9.0.9, )",
        "resolved": "9.0.9",
        "contentHash": "x3+W7IfW9Tg3sV+sU9N1039M4CqklaAecwhz9qNtjOCBdmg7h96JaL+NAvhYgZgweVJTJaxAvuO8I+ZZehE7Pg==",
        "dependencies": {
          "Microsoft.Extensions.DependencyInjection.Abstractions": "9.0.9",
          "Microsoft.Extensions.Logging": "9.0.9",
          "Microsoft.Extensions.Logging.Abstractions": "9.0.9",
          "Microsoft.Extensions.Logging.Configuration": "9.0.9",
          "Microsoft.Extensions.Options": "9.0.9"
        }
      },
      "Microsoft.IO.RecyclableMemoryStream": {
        "type": "Direct",
        "requested": "[3.0.1, )",
        "resolved": "3.0.1",
        "contentHash": "s/s20YTVY9r9TPfTrN5g8zPF1YhwxyqO6PxUkrYTGI2B+OGPe9AdajWZrLhFqXIvqIW23fnUE4+ztrUWNU1+9g=="
      },
      "Spectre.Console": {
        "type": "Direct",
        "requested": "[0.51.1, )",
        "resolved": "0.51.1",
        "contentHash": "84xNywgnaG8XgOypnZAL+EZUbhCGE0umj7fuMrSI6esdE74HYHRoeBioeMUJXPiCt7iBDKHLwiBcg0IliYIIxA=="
      },
      "Spectre.Console.Analyzer": {
        "type": "Direct",
        "requested": "[1.0.0, )",
        "resolved": "1.0.0",
        "contentHash": "TojbwWASRf3PMUsotXa8MQ9SNwEwWZZ5bAYf1eLv+jiDsxaD/n7TKTi3da6z4+m8uZHri2i+BVRuLj5w+6j64Q=="
      },
      "XmlDocMarkdown.Core": {
        "type": "Direct",
        "requested": "[2.9.0, )",
        "resolved": "2.9.0",
        "contentHash": "jlAslft87MA7mlUfU0YR6x4D6BpguIXB8VQ5bKh2D6XbphfNaLjhIGsTKGphiEahl3FGnOBcB8PFD/xaagij/w=="
      },
      "ExCSS": {
        "type": "Transitive",
        "resolved": "4.3.1",
        "contentHash": "A8UtcghHQlWxPJhJF5bsfEYO7068JHGTuJ7tzyyMjd5fE/N/xY1cVOUhzuLLFwMOCJVnM4mqSQc93W9fGfZ1kA=="
      },
      "Microsoft.ClearScript": {
        "type": "Transitive",
        "resolved": "7.5.0",
        "contentHash": "KGMXCEEQ9wO0x+FXEwt6xYZiEBMLMlScW47qn7WnW86jVkpoqCWY8FLviI6Hir9ymKMJfNdXaOE1hQTQQc8dOQ==",
        "dependencies": {
          "Microsoft.ClearScript.V8": "7.5.0",
          "Microsoft.ClearScript.V8.ICUData": "7.5.0",
          "Microsoft.ClearScript.V8.Native.win-x64": "7.5.0",
          "Microsoft.ClearScript.V8.Native.win-x86": "7.5.0",
          "Microsoft.ClearScript.Windows": "7.5.0"
        }
      },
      "Microsoft.ClearScript.Core": {
        "type": "Transitive",
        "resolved": "7.5.0",
        "contentHash": "7BfzQZA7LdgpfJGSy/GBzKuURb32UpJGQObH5WAavkUxS/u9h/KaEl8N4812F6f4UWVrtwI5XdRgLMu6ukt38A==",
        "dependencies": {
          "Microsoft.Win32.Registry": "5.0.0"
        }
      },
      "Microsoft.ClearScript.V8": {
        "type": "Transitive",
        "resolved": "7.5.0",
        "contentHash": "k2xS9o6Oz57xx24nVhOqrkmJN/sDdkYTwdfmu2XS5KpnmAyqeVJBCfc9Wh83UvKUYb7lQBHSCk7gk2hLyJoG4Q==",
        "dependencies": {
          "Microsoft.ClearScript.Core": "7.5.0",
          "Microsoft.ClearScript.V8.ICUData": "7.5.0",
          "Newtonsoft.Json": "13.0.3"
        }
      },
      "Microsoft.ClearScript.V8.ICUData": {
        "type": "Transitive",
        "resolved": "7.5.0",
        "contentHash": "brX7rIjvZPt/ZDSZOPf36ULxhlsFcEgg2WLeOXCFkexTH7MWgUGy//6vMry/QvTLhSgDrs5z+8SbEU1krnuxRg==",
        "dependencies": {
          "System.Text.RegularExpressions": "4.3.1"
        }
      },
      "Microsoft.ClearScript.V8.Native.linux-x64": {
        "type": "Transitive",
        "resolved": "7.5.0",
        "contentHash": "snoN9oRwKqShA32IsuCanLjNtP8hros2WOrOBL7g+ED3AV40qwrsbfKwWq37BzogrfsF1aEVoDkBpE19Az7DVQ=="
      },
      "Microsoft.ClearScript.V8.Native.win-x64": {
        "type": "Transitive",
        "resolved": "7.5.0",
        "contentHash": "DKMxDLboTNflYkwDQ/ELrSf1vXTpew5UZ8xzrXSVKYFBU570VA6NKh1etEGhufuCuDyU7Je5L2g6H+19Dbl+tA=="
      },
      "Microsoft.ClearScript.V8.Native.win-x86": {
        "type": "Transitive",
        "resolved": "7.5.0",
        "contentHash": "rBbkxbCM6D4Y7xrKPcf2XJ3aD9pNik1q64ZleR6pT+RJZRz/7aDbMmcCcDm29AUnu2QHmrSsPA3KpLZm5rmnFg=="
      },
      "Microsoft.ClearScript.Windows": {
        "type": "Transitive",
        "resolved": "7.5.0",
        "contentHash": "ys1Zw+l+JYK38W2FD9dTCjWZ8pmF8d+0IsMnZfpRg5l76hQ7MX4fQaoC+s+3gAGy25Mj3EnrQd5ibF3dHbJ2vA==",
        "dependencies": {
          "Microsoft.ClearScript.Windows.Core": "7.5.0"
        }
      },
      "Microsoft.ClearScript.Windows.Core": {
        "type": "Transitive",
        "resolved": "7.5.0",
        "contentHash": "NEb7G0s0iIgkZpFRkXmXKAEQnqYdL2zRsfGIeqc9vxSK8T6dPPsnMVHvyrbAa3271S738N7nZ9BV7pAGW1ACcw==",
        "dependencies": {
          "Microsoft.ClearScript.Core": "7.5.0"
        }
      },
      "Microsoft.Extensions.Configuration": {
        "type": "Transitive",
        "resolved": "9.0.9",
        "contentHash": "w87wF/90/VI0ZQBhf4rbMEeyEy0vi2WKjFmACsNAKNaorY+ZlVz7ddyXkbADvaWouMKffNmR0yQOGcrvSSvKGg==",
        "dependencies": {
          "Microsoft.Extensions.Configuration.Abstractions": "9.0.9",
          "Microsoft.Extensions.Primitives": "9.0.9"
        }
      },
      "Microsoft.Extensions.Configuration.Abstractions": {
        "type": "Transitive",
        "resolved": "9.0.9",
        "contentHash": "p5RKAY9POvs3axwA/AQRuJeM8AHuE8h4qbP1NxQeGm0ep46aXz1oCLAp/oOYxX1GsjStgdhHrN3XXLLXr0+b3w==",
        "dependencies": {
          "Microsoft.Extensions.Primitives": "9.0.9"
        }
      },
      "Microsoft.Extensions.Configuration.Binder": {
        "type": "Transitive",
        "resolved": "9.0.9",
        "contentHash": "6SIp/6Bngk4jm2W36JekZbiIbFPdE/eMUtrJEqIqHGpd1zar3jvgnwxnpWQfzUiGrkyY8q8s6V82zkkEZozghA==",
        "dependencies": {
          "Microsoft.Extensions.Configuration.Abstractions": "9.0.9"
        }
      },
      "Microsoft.Extensions.DependencyInjection": {
        "type": "Transitive",
        "resolved": "9.0.9",
        "contentHash": "zQV2WOSP+3z1EuK91ULxfGgo2Y75bTRnmJHp08+w/YXAyekZutX/qCd88/HOMNh35MDW9mJJJxPpMPS+1Rww8A==",
        "dependencies": {
          "Microsoft.Extensions.DependencyInjection.Abstractions": "9.0.9"
        }
      },
      "Microsoft.Extensions.DependencyInjection.Abstractions": {
        "type": "Transitive",
        "resolved": "9.0.9",
        "contentHash": "/hymojfWbE9AlDOa0mczR44m00Jj+T3+HZO0ZnVTI032fVycI0ZbNOVFP6kqZMcXiLSYXzR2ilcwaRi6dzeGyA=="
      },
      "Microsoft.Extensions.Logging.Configuration": {
        "type": "Transitive",
        "resolved": "9.0.9",
        "contentHash": "Abuo+S0Sg+Ke6vzSh5Ell+lwJJM+CEIqg1ImtWnnqF6a/ibJkQnmFJi4/ekEw/0uAcdFKJXtGV7w6cFN0nyXeg==",
        "dependencies": {
          "Microsoft.Extensions.Configuration": "9.0.9",
          "Microsoft.Extensions.Configuration.Abstractions": "9.0.9",
          "Microsoft.Extensions.Configuration.Binder": "9.0.9",
          "Microsoft.Extensions.DependencyInjection.Abstractions": "9.0.9",
          "Microsoft.Extensions.Logging": "9.0.9",
          "Microsoft.Extensions.Logging.Abstractions": "9.0.9",
          "Microsoft.Extensions.Options": "9.0.9",
          "Microsoft.Extensions.Options.ConfigurationExtensions": "9.0.9"
        }
      },
      "Microsoft.Extensions.Options": {
        "type": "Transitive",
        "resolved": "9.0.9",
        "contentHash": "loxGGHE1FC2AefwPHzrjPq7X92LQm64qnU/whKfo6oWaceewPUVYQJBJs3S3E2qlWwnCpeZ+dGCPTX+5dgVAuQ==",
        "dependencies": {
          "Microsoft.Extensions.DependencyInjection.Abstractions": "9.0.9",
          "Microsoft.Extensions.Primitives": "9.0.9"
        }
      },
      "Microsoft.Extensions.Options.ConfigurationExtensions": {
        "type": "Transitive",
        "resolved": "9.0.9",
        "contentHash": "n4DCdnn2qs6V5U06Sx62FySEAZsJiJJgOzrPHDh9hPK7c2W8hEabC76F3Re3tGPjpiKa02RvB6FxZyxo8iICzg==",
        "dependencies": {
          "Microsoft.Extensions.Configuration.Abstractions": "9.0.9",
          "Microsoft.Extensions.Configuration.Binder": "9.0.9",
          "Microsoft.Extensions.DependencyInjection.Abstractions": "9.0.9",
          "Microsoft.Extensions.Options": "9.0.9",
          "Microsoft.Extensions.Primitives": "9.0.9"
        }
      },
      "Microsoft.Extensions.Primitives": {
        "type": "Transitive",
        "resolved": "9.0.9",
        "contentHash": "z4pyMePOrl733ltTowbN565PxBw1oAr8IHmIXNDiDqd22nFpYltX9KhrNC/qBWAG1/Zx5MHX+cOYhWJQYCO/iw=="
      },
      "Microsoft.NETCore.Platforms": {
        "type": "Transitive",
        "resolved": "5.0.0",
        "contentHash": "VyPlqzH2wavqquTcYpkIIAQ6WdenuKoFN0BdYBbCWsclXacSOHNQn66Gt4z5NBqEYW0FAPm5rlvki9ZiCij5xQ=="
      },
      "Microsoft.NETCore.Targets": {
        "type": "Transitive",
        "resolved": "1.1.3",
        "contentHash": "3Wrmi0kJDzClwAC+iBdUBpEKmEle8FQNsCs77fkiOIw/9oYA07bL1EZNX0kQ2OMN3xpwvl0vAtOCYY3ndDNlhQ=="
      },
      "Microsoft.Win32.Registry": {
        "type": "Transitive",
        "resolved": "5.0.0",
        "contentHash": "dDoKi0PnDz31yAyETfRntsLArTlVAVzUzCIvvEDsDsucrl33Dl8pIJG06ePTJTI3tGpeyHS9Cq7Foc/s4EeKcg==",
        "dependencies": {
          "System.Security.AccessControl": "5.0.0",
          "System.Security.Principal.Windows": "5.0.0"
        }
      },
      "Newtonsoft.Json": {
        "type": "Transitive",
        "resolved": "13.0.3",
        "contentHash": "HrC5BXdl00IP9zeV+0Z848QWPAoCr9P3bDEZguI+gkLcBKAOxix/tLEAAHC+UvDNPv4a2d18lOReHMOagPa+zQ=="
      },
      "ShimSkiaSharp": {
        "type": "Transitive",
        "resolved": "3.2.1",
        "contentHash": "WyMf+0aj5IJcHkG/t89WApGFg756oXB30ehu9kYu9hjdfS0snkXHoAiTJZqVlqyLOvzC6eA+nOQ2hI84g//5Pg=="
      },
      "SkiaSharp": {
        "type": "Transitive",
        "resolved": "3.119.0",
        "contentHash": "gR9yVoOta2Mc1Rxt15LD65AckfHMfwjIs/3kkD59C9bT2nYYISsE6uz3t4aMPNHA6CgsIL0Ssn+jE5OVilZ1yw==",
        "dependencies": {
          "SkiaSharp.NativeAssets.Win32": "3.119.0",
          "SkiaSharp.NativeAssets.macOS": "3.119.0"
        }
      },
      "SkiaSharp.NativeAssets.Linux": {
        "type": "Transitive",
        "resolved": "3.119.0",
        "contentHash": "oBvfueHtYGTmVHkVebZ6lMYN5nCXR/eN5e7a9VGHca1Z0bt8G5QGLtsjPA+hJ30ZK2wq3i02Zoej2aZDIpvcHA=="
      },
      "SkiaSharp.NativeAssets.macOS": {
        "type": "Transitive",
        "resolved": "3.119.0",
        "contentHash": "YE1vNn0Nyw2PWtv7hw1PYkKJO0itFiQp9vSqGppZUKzQJqwp28a2jgdCMPfYtOiR8KCnDgZqQoynqJRRaE2ZVg=="
      },
      "SkiaSharp.NativeAssets.Win32": {
        "type": "Transitive",
        "resolved": "3.119.0",
        "contentHash": "IwC9yx36lOdXVT2DjgmWHl1qkVspfj8ctd4+li8CNnvqdfaTolXCOh6TLznURcPAvzatx9K/tLOB7zT6T8EA9w=="
      },
      "Svg.Custom": {
        "type": "Transitive",
        "resolved": "3.2.1",
        "contentHash": "Wu0+Il+SZfY5+AT25b2PMlSbBrzGIo/6vMMMdOK8jd25I9tdJJbxOFJNG87gFgo9UY9OmpIFzVobGOHzFdJYeQ==",
        "dependencies": {
          "ExCSS": "4.3.1"
        }
      },
      "Svg.Model": {
        "type": "Transitive",
        "resolved": "3.2.1",
        "contentHash": "N4yWlvqv1XWZ+VvI29lT4HkEgtiP3rS/poMfWiVzz6Ao/3IjQCfmo2qrKphq77IqTdMYyh7wGDknMId7YrQY5Q==",
        "dependencies": {
          "ShimSkiaSharp": "3.2.1",
          "Svg.Custom": "3.2.1"
        }
      },
      "Svg.Skia": {
        "type": "Transitive",
        "resolved": "3.2.1",
        "contentHash": "pRJtMOc2hTcnxSu7cx6lf806S+2VrQ0eqUpGMBUQQ/pIIvzrtn0+lUjdABTvjr5rsdQF9OxE+r9npq2+3c6T4A==",
        "dependencies": {
          "SkiaSharp": "2.88.9",
          "Svg.Custom": "3.2.1",
          "Svg.Model": "3.2.1"
        }
      },
      "System.Runtime": {
        "type": "Transitive",
        "resolved": "4.3.1",
        "contentHash": "abhfv1dTK6NXOmu4bgHIONxHyEqFjW8HwXPmpY9gmll+ix9UNo4XDcmzJn6oLooftxNssVHdJC1pGT9jkSynQg==",
        "dependencies": {
          "Microsoft.NETCore.Platforms": "1.1.1",
          "Microsoft.NETCore.Targets": "1.1.3"
        }
      },
      "System.Security.AccessControl": {
        "type": "Transitive",
        "resolved": "5.0.0",
        "contentHash": "dagJ1mHZO3Ani8GH0PHpPEe/oYO+rVdbQjvjJkBRNQkX4t0r1iaeGn8+/ybkSLEan3/slM0t59SVdHzuHf2jmw==",
        "dependencies": {
          "Microsoft.NETCore.Platforms": "5.0.0",
          "System.Security.Principal.Windows": "5.0.0"
        }
      },
      "System.Security.Principal.Windows": {
        "type": "Transitive",
        "resolved": "5.0.0",
        "contentHash": "t0MGLukB5WAVU9bO3MGzvlGnyJPgUlcwerXn1kzBRjwLKixT96XV0Uza41W49gVd8zEMFu9vQEFlv0IOrytICA=="
      },
      "System.ServiceModel.Syndication": {
        "type": "Transitive",
        "resolved": "9.0.9",
        "contentHash": "6vbZOwGjsnR2+3aaJlnBFBpXhrPtwDK6zPa2AWZoF9sV0KS1Hez+Y03ZnJk0L2JKvawMtsr3sNVTQaNXyiNV/A=="
      },
      "System.Text.RegularExpressions": {
        "type": "Transitive",
        "resolved": "4.3.1",
        "contentHash": "N0kNRrWe4+nXOWlpLT4LAY5brb8caNFlUuIRpraCVMDLYutKkol1aV079rQjLuSxKMJT2SpBQsYX9xbcTMmzwg==",
        "dependencies": {
          "System.Runtime": "4.3.1"
        }
      },
      "Webmaster442.WindowsTerminal": {
        "type": "Transitive",
        "resolved": "4.0.0",
        "contentHash": "NG6kGSt83OWcRRVdzD5D8O4xWupE0FiFxTIz9dnm+jt1eK3DYyEhXX939vOyXSVVz3xFUhldKchOrtJSJx35kA=="
      },
      "YamlDotNet": {
        "type": "Transitive",
        "resolved": "16.3.0",
        "contentHash": "SgMOdxbz8X65z8hraIs6hOEdnkH6hESTAIUa7viEngHOYaH+6q5XJmwr1+yb9vJpNQ19hCQY69xbFsLtXpobQA=="
      },
      "bookgen.cli": {
        "type": "Project",
        "dependencies": {
          "BookGen.Vfs": "[1.0.0, )",
          "Microsoft.Extensions.Logging.Abstractions": "[9.0.9, )"
        }
      },
      "bookgen.contents": {
        "type": "Project"
      },
      "bookgen.lib": {
        "type": "Project",
        "dependencies": {
          "BookGen.Shell.Shared": "[1.0.0, )",
          "BookGen.Vfs": "[1.0.0, )",
          "Markdig": "[0.42.0, )",
          "Microsoft.ClearScript": "[7.5.0, )",
          "Microsoft.ClearScript.V8.Native.linux-x64": "[7.5.0, )",
          "Microsoft.ClearScript.V8.Native.win-x64": "[7.5.0, )",
          "Microsoft.Extensions.Logging.Abstractions": "[9.0.9, )",
          "SkiaSharp": "[3.119.0, )",
          "SkiaSharp.NativeAssets.Linux": "[3.119.0, )",
          "SkiaSharp.NativeAssets.Win32": "[3.119.0, )",
          "Svg.Skia": "[3.2.1, )",
          "System.ServiceModel.Syndication": "[9.0.9, )",
          "YamlDotNet": "[16.3.0, )"
        }
      },
      "bookgen.shell.shared": {
        "type": "Project",
        "dependencies": {
          "Microsoft.Extensions.Logging.Abstractions": "[9.0.9, )",
          "Webmaster442.WindowsTerminal": "[4.0.0, )"
        }
      },
      "bookgen.vfs": {
        "type": "Project"
      }
    }
  }
}