
Microsoft Visual Studio Solution File, Format Version 12.00
# Visual Studio Version 16
VisualStudioVersion = 16.0.28803.352
MinimumVisualStudioVersion = 10.0.40219.1
Project("{9A19103F-16F7-4668-BE54-9A1E7A4F7556}") = "BookGen", "BookGen\BookGen.csproj", "{7506F904-59E3-4BFC-83D3-A809850D1E89}"
EndProject
Project("{9A19103F-16F7-4668-BE54-9A1E7A4F7556}") = "BookGen.Core", "BookGen.Core\BookGen.Core.csproj", "{DDD2DD75-B014-4F4B-9CDA-510FDD4AF583}"
EndProject
Project("{9A19103F-16F7-4668-BE54-9A1E7A4F7556}") = "BookGen.Tests", "BookGen.Tests\BookGen.Tests.csproj", "{48857A68-15FF-443D-B4D8-57AA520E4BD0}"
	ProjectSection(ProjectDependencies) = postProject
		{7506F904-59E3-4BFC-83D3-A809850D1E89} = {7506F904-59E3-4BFC-83D3-A809850D1E89}
		{DDD2DD75-B014-4F4B-9CDA-510FDD4AF583} = {DDD2DD75-B014-4F4B-9CDA-510FDD4AF583}
	EndProjectSection
EndProject
Project("{2150E333-8FDC-42A3-9474-1A3956D46DE8}") = "Items", "Items", "{287A3141-F5F9-44DD-A4D1-57ED6647993F}"
	ProjectSection(SolutionItems) = preProject
		.editorconfig = .editorconfig
		.vsconfig = .vsconfig
		Changelog.md = Changelog.md
		Documentation\Template\DocumentationTemplate.html = Documentation\Template\DocumentationTemplate.html
		publish.ps1 = publish.ps1
		README.md = README.md
	EndProjectSection
EndProject
Project("{9A19103F-16F7-4668-BE54-9A1E7A4F7556}") = "BookGen.Api", "BookGen.Api\BookGen.Api.csproj", "{3D07DD2E-A6CA-4AAC-909D-7A09B967B7E6}"
EndProject
Project("{9A19103F-16F7-4668-BE54-9A1E7A4F7556}") = "BookGen.AssemblyDocumenter", "BookGen.AssemblyDocumenter\BookGen.AssemblyDocumenter.csproj", "{6BDF566E-6023-4BE6-804C-02F4335889FC}"
EndProject
Project("{9A19103F-16F7-4668-BE54-9A1E7A4F7556}") = "BookGen.Gui", "BookGen.Gui\BookGen.Gui.csproj", "{8A457564-221F-4D54-8182-E076A807541A}"
EndProject
Project("{9A19103F-16F7-4668-BE54-9A1E7A4F7556}") = "BookGen.Shell", "BookGen.Shell\BookGen.Shell.csproj", "{8A841F85-0F67-4E94-AD96-A8FE6AB7DBC3}"
EndProject
Project("{9A19103F-16F7-4668-BE54-9A1E7A4F7556}") = "BookGen.Resources", "BookGen.Resources\BookGen.Resources.csproj", "{F257CD87-093C-4EAC-8CE1-5D85A3252C97}"
EndProject
Global
	GlobalSection(SolutionConfigurationPlatforms) = preSolution
		Debug|Any CPU = Debug|Any CPU
		Debug|ARM = Debug|ARM
		Debug|ARM64 = Debug|ARM64
		Debug|x64 = Debug|x64
		Debug|x86 = Debug|x86
		Release|Any CPU = Release|Any CPU
		Release|ARM = Release|ARM
		Release|ARM64 = Release|ARM64
		Release|x64 = Release|x64
		Release|x86 = Release|x86
	EndGlobalSection
	GlobalSection(ProjectConfigurationPlatforms) = postSolution
		{7506F904-59E3-4BFC-83D3-A809850D1E89}.Debug|Any CPU.ActiveCfg = Debug|Any CPU
		{7506F904-59E3-4BFC-83D3-A809850D1E89}.Debug|Any CPU.Build.0 = Debug|Any CPU
		{7506F904-59E3-4BFC-83D3-A809850D1E89}.Debug|ARM.ActiveCfg = Debug|Any CPU
		{7506F904-59E3-4BFC-83D3-A809850D1E89}.Debug|ARM.Build.0 = Debug|Any CPU
		{7506F904-59E3-4BFC-83D3-A809850D1E89}.Debug|ARM64.ActiveCfg = Debug|Any CPU
		{7506F904-59E3-4BFC-83D3-A809850D1E89}.Debug|ARM64.Build.0 = Debug|Any CPU
		{7506F904-59E3-4BFC-83D3-A809850D1E89}.Debug|x64.ActiveCfg = Debug|Any CPU
		{7506F904-59E3-4BFC-83D3-A809850D1E89}.Debug|x64.Build.0 = Debug|Any CPU
		{7506F904-59E3-4BFC-83D3-A809850D1E89}.Debug|x86.ActiveCfg = Debug|Any CPU
		{7506F904-59E3-4BFC-83D3-A809850D1E89}.Debug|x86.Build.0 = Debug|Any CPU
		{7506F904-59E3-4BFC-83D3-A809850D1E89}.Release|Any CPU.ActiveCfg = Release|Any CPU
		{7506F904-59E3-4BFC-83D3-A809850D1E89}.Release|Any CPU.Build.0 = Release|Any CPU
		{7506F904-59E3-4BFC-83D3-A809850D1E89}.Release|ARM.ActiveCfg = Release|Any CPU
		{7506F904-59E3-4BFC-83D3-A809850D1E89}.Release|ARM.Build.0 = Release|Any CPU
		{7506F904-59E3-4BFC-83D3-A809850D1E89}.Release|ARM64.ActiveCfg = Release|Any CPU
		{7506F904-59E3-4BFC-83D3-A809850D1E89}.Release|ARM64.Build.0 = Release|Any CPU
		{7506F904-59E3-4BFC-83D3-A809850D1E89}.Release|x64.ActiveCfg = Release|Any CPU
		{7506F904-59E3-4BFC-83D3-A809850D1E89}.Release|x64.Build.0 = Release|Any CPU
		{7506F904-59E3-4BFC-83D3-A809850D1E89}.Release|x86.ActiveCfg = Release|Any CPU
		{7506F904-59E3-4BFC-83D3-A809850D1E89}.Release|x86.Build.0 = Release|Any CPU
		{DDD2DD75-B014-4F4B-9CDA-510FDD4AF583}.Debug|Any CPU.ActiveCfg = Debug|Any CPU
		{DDD2DD75-B014-4F4B-9CDA-510FDD4AF583}.Debug|Any CPU.Build.0 = Debug|Any CPU
		{DDD2DD75-B014-4F4B-9CDA-510FDD4AF583}.Debug|ARM.ActiveCfg = Debug|Any CPU
		{DDD2DD75-B014-4F4B-9CDA-510FDD4AF583}.Debug|ARM.Build.0 = Debug|Any CPU
		{DDD2DD75-B014-4F4B-9CDA-510FDD4AF583}.Debug|ARM64.ActiveCfg = Debug|Any CPU
		{DDD2DD75-B014-4F4B-9CDA-510FDD4AF583}.Debug|ARM64.Build.0 = Debug|Any CPU
		{DDD2DD75-B014-4F4B-9CDA-510FDD4AF583}.Debug|x64.ActiveCfg = Debug|Any CPU
		{DDD2DD75-B014-4F4B-9CDA-510FDD4AF583}.Debug|x64.Build.0 = Debug|Any CPU
		{DDD2DD75-B014-4F4B-9CDA-510FDD4AF583}.Debug|x86.ActiveCfg = Debug|Any CPU
		{DDD2DD75-B014-4F4B-9CDA-510FDD4AF583}.Debug|x86.Build.0 = Debug|Any CPU
		{DDD2DD75-B014-4F4B-9CDA-510FDD4AF583}.Release|Any CPU.ActiveCfg = Release|Any CPU
		{DDD2DD75-B014-4F4B-9CDA-510FDD4AF583}.Release|Any CPU.Build.0 = Release|Any CPU
		{DDD2DD75-B014-4F4B-9CDA-510FDD4AF583}.Release|ARM.ActiveCfg = Release|Any CPU
		{DDD2DD75-B014-4F4B-9CDA-510FDD4AF583}.Release|ARM.Build.0 = Release|Any CPU
		{DDD2DD75-B014-4F4B-9CDA-510FDD4AF583}.Release|ARM64.ActiveCfg = Release|Any CPU
		{DDD2DD75-B014-4F4B-9CDA-510FDD4AF583}.Release|ARM64.Build.0 = Release|Any CPU
		{DDD2DD75-B014-4F4B-9CDA-510FDD4AF583}.Release|x64.ActiveCfg = Release|Any CPU
		{DDD2DD75-B014-4F4B-9CDA-510FDD4AF583}.Release|x64.Build.0 = Release|Any CPU
		{DDD2DD75-B014-4F4B-9CDA-510FDD4AF583}.Release|x86.ActiveCfg = Release|Any CPU
		{DDD2DD75-B014-4F4B-9CDA-510FDD4AF583}.Release|x86.Build.0 = Release|Any CPU
		{48857A68-15FF-443D-B4D8-57AA520E4BD0}.Debug|Any CPU.ActiveCfg = Debug|Any CPU
		{48857A68-15FF-443D-B4D8-57AA520E4BD0}.Debug|Any CPU.Build.0 = Debug|Any CPU
		{48857A68-15FF-443D-B4D8-57AA520E4BD0}.Debug|ARM.ActiveCfg = Debug|Any CPU
		{48857A68-15FF-443D-B4D8-57AA520E4BD0}.Debug|ARM.Build.0 = Debug|Any CPU
		{48857A68-15FF-443D-B4D8-57AA520E4BD0}.Debug|ARM64.ActiveCfg = Debug|Any CPU
		{48857A68-15FF-443D-B4D8-57AA520E4BD0}.Debug|ARM64.Build.0 = Debug|Any CPU
		{48857A68-15FF-443D-B4D8-57AA520E4BD0}.Debug|x64.ActiveCfg = Debug|Any CPU
		{48857A68-15FF-443D-B4D8-57AA520E4BD0}.Debug|x64.Build.0 = Debug|Any CPU
		{48857A68-15FF-443D-B4D8-57AA520E4BD0}.Debug|x86.ActiveCfg = Debug|Any CPU
		{48857A68-15FF-443D-B4D8-57AA520E4BD0}.Debug|x86.Build.0 = Debug|Any CPU
		{48857A68-15FF-443D-B4D8-57AA520E4BD0}.Release|Any CPU.ActiveCfg = Release|Any CPU
		{48857A68-15FF-443D-B4D8-57AA520E4BD0}.Release|Any CPU.Build.0 = Release|Any CPU
		{48857A68-15FF-443D-B4D8-57AA520E4BD0}.Release|ARM.ActiveCfg = Release|Any CPU
		{48857A68-15FF-443D-B4D8-57AA520E4BD0}.Release|ARM.Build.0 = Release|Any CPU
		{48857A68-15FF-443D-B4D8-57AA520E4BD0}.Release|ARM64.ActiveCfg = Release|Any CPU
		{48857A68-15FF-443D-B4D8-57AA520E4BD0}.Release|ARM64.Build.0 = Release|Any CPU
		{48857A68-15FF-443D-B4D8-57AA520E4BD0}.Release|x64.ActiveCfg = Release|Any CPU
		{48857A68-15FF-443D-B4D8-57AA520E4BD0}.Release|x64.Build.0 = Release|Any CPU
		{48857A68-15FF-443D-B4D8-57AA520E4BD0}.Release|x86.ActiveCfg = Release|Any CPU
		{48857A68-15FF-443D-B4D8-57AA520E4BD0}.Release|x86.Build.0 = Release|Any CPU
		{3D07DD2E-A6CA-4AAC-909D-7A09B967B7E6}.Debug|Any CPU.ActiveCfg = Debug|Any CPU
		{3D07DD2E-A6CA-4AAC-909D-7A09B967B7E6}.Debug|Any CPU.Build.0 = Debug|Any CPU
		{3D07DD2E-A6CA-4AAC-909D-7A09B967B7E6}.Debug|ARM.ActiveCfg = Debug|Any CPU
		{3D07DD2E-A6CA-4AAC-909D-7A09B967B7E6}.Debug|ARM.Build.0 = Debug|Any CPU
		{3D07DD2E-A6CA-4AAC-909D-7A09B967B7E6}.Debug|ARM64.ActiveCfg = Debug|Any CPU
		{3D07DD2E-A6CA-4AAC-909D-7A09B967B7E6}.Debug|ARM64.Build.0 = Debug|Any CPU
		{3D07DD2E-A6CA-4AAC-909D-7A09B967B7E6}.Debug|x64.ActiveCfg = Debug|Any CPU
		{3D07DD2E-A6CA-4AAC-909D-7A09B967B7E6}.Debug|x64.Build.0 = Debug|Any CPU
		{3D07DD2E-A6CA-4AAC-909D-7A09B967B7E6}.Debug|x86.ActiveCfg = Debug|Any CPU
		{3D07DD2E-A6CA-4AAC-909D-7A09B967B7E6}.Debug|x86.Build.0 = Debug|Any CPU
		{3D07DD2E-A6CA-4AAC-909D-7A09B967B7E6}.Release|Any CPU.ActiveCfg = Release|Any CPU
		{3D07DD2E-A6CA-4AAC-909D-7A09B967B7E6}.Release|Any CPU.Build.0 = Release|Any CPU
		{3D07DD2E-A6CA-4AAC-909D-7A09B967B7E6}.Release|ARM.ActiveCfg = Release|Any CPU
		{3D07DD2E-A6CA-4AAC-909D-7A09B967B7E6}.Release|ARM.Build.0 = Release|Any CPU
		{3D07DD2E-A6CA-4AAC-909D-7A09B967B7E6}.Release|ARM64.ActiveCfg = Release|Any CPU
		{3D07DD2E-A6CA-4AAC-909D-7A09B967B7E6}.Release|ARM64.Build.0 = Release|Any CPU
		{3D07DD2E-A6CA-4AAC-909D-7A09B967B7E6}.Release|x64.ActiveCfg = Release|Any CPU
		{3D07DD2E-A6CA-4AAC-909D-7A09B967B7E6}.Release|x64.Build.0 = Release|Any CPU
		{3D07DD2E-A6CA-4AAC-909D-7A09B967B7E6}.Release|x86.ActiveCfg = Release|Any CPU
		{3D07DD2E-A6CA-4AAC-909D-7A09B967B7E6}.Release|x86.Build.0 = Release|Any CPU
		{6BDF566E-6023-4BE6-804C-02F4335889FC}.Debug|Any CPU.ActiveCfg = Debug|Any CPU
		{6BDF566E-6023-4BE6-804C-02F4335889FC}.Debug|Any CPU.Build.0 = Debug|Any CPU
		{6BDF566E-6023-4BE6-804C-02F4335889FC}.Debug|ARM.ActiveCfg = Debug|Any CPU
		{6BDF566E-6023-4BE6-804C-02F4335889FC}.Debug|ARM.Build.0 = Debug|Any CPU
		{6BDF566E-6023-4BE6-804C-02F4335889FC}.Debug|ARM64.ActiveCfg = Debug|Any CPU
		{6BDF566E-6023-4BE6-804C-02F4335889FC}.Debug|ARM64.Build.0 = Debug|Any CPU
		{6BDF566E-6023-4BE6-804C-02F4335889FC}.Debug|x64.ActiveCfg = Debug|Any CPU
		{6BDF566E-6023-4BE6-804C-02F4335889FC}.Debug|x64.Build.0 = Debug|Any CPU
		{6BDF566E-6023-4BE6-804C-02F4335889FC}.Debug|x86.ActiveCfg = Debug|Any CPU
		{6BDF566E-6023-4BE6-804C-02F4335889FC}.Debug|x86.Build.0 = Debug|Any CPU
		{6BDF566E-6023-4BE6-804C-02F4335889FC}.Release|Any CPU.ActiveCfg = Release|Any CPU
		{6BDF566E-6023-4BE6-804C-02F4335889FC}.Release|Any CPU.Build.0 = Release|Any CPU
		{6BDF566E-6023-4BE6-804C-02F4335889FC}.Release|ARM.ActiveCfg = Release|Any CPU
		{6BDF566E-6023-4BE6-804C-02F4335889FC}.Release|ARM.Build.0 = Release|Any CPU
		{6BDF566E-6023-4BE6-804C-02F4335889FC}.Release|ARM64.ActiveCfg = Release|Any CPU
		{6BDF566E-6023-4BE6-804C-02F4335889FC}.Release|ARM64.Build.0 = Release|Any CPU
		{6BDF566E-6023-4BE6-804C-02F4335889FC}.Release|x64.ActiveCfg = Release|Any CPU
		{6BDF566E-6023-4BE6-804C-02F4335889FC}.Release|x64.Build.0 = Release|Any CPU
		{6BDF566E-6023-4BE6-804C-02F4335889FC}.Release|x86.ActiveCfg = Release|Any CPU
		{6BDF566E-6023-4BE6-804C-02F4335889FC}.Release|x86.Build.0 = Release|Any CPU
		{8A457564-221F-4D54-8182-E076A807541A}.Debug|Any CPU.ActiveCfg = Debug|Any CPU
		{8A457564-221F-4D54-8182-E076A807541A}.Debug|Any CPU.Build.0 = Debug|Any CPU
		{8A457564-221F-4D54-8182-E076A807541A}.Debug|ARM.ActiveCfg = Debug|Any CPU
		{8A457564-221F-4D54-8182-E076A807541A}.Debug|ARM.Build.0 = Debug|Any CPU
		{8A457564-221F-4D54-8182-E076A807541A}.Debug|ARM64.ActiveCfg = Debug|Any CPU
		{8A457564-221F-4D54-8182-E076A807541A}.Debug|ARM64.Build.0 = Debug|Any CPU
		{8A457564-221F-4D54-8182-E076A807541A}.Debug|x64.ActiveCfg = Debug|Any CPU
		{8A457564-221F-4D54-8182-E076A807541A}.Debug|x64.Build.0 = Debug|Any CPU
		{8A457564-221F-4D54-8182-E076A807541A}.Debug|x86.ActiveCfg = Debug|Any CPU
		{8A457564-221F-4D54-8182-E076A807541A}.Debug|x86.Build.0 = Debug|Any CPU
		{8A457564-221F-4D54-8182-E076A807541A}.Release|Any CPU.ActiveCfg = Release|Any CPU
		{8A457564-221F-4D54-8182-E076A807541A}.Release|Any CPU.Build.0 = Release|Any CPU
		{8A457564-221F-4D54-8182-E076A807541A}.Release|ARM.ActiveCfg = Release|Any CPU
		{8A457564-221F-4D54-8182-E076A807541A}.Release|ARM.Build.0 = Release|Any CPU
		{8A457564-221F-4D54-8182-E076A807541A}.Release|ARM64.ActiveCfg = Release|Any CPU
		{8A457564-221F-4D54-8182-E076A807541A}.Release|ARM64.Build.0 = Release|Any CPU
		{8A457564-221F-4D54-8182-E076A807541A}.Release|x64.ActiveCfg = Release|Any CPU
		{8A457564-221F-4D54-8182-E076A807541A}.Release|x64.Build.0 = Release|Any CPU
		{8A457564-221F-4D54-8182-E076A807541A}.Release|x86.ActiveCfg = Release|Any CPU
		{8A457564-221F-4D54-8182-E076A807541A}.Release|x86.Build.0 = Release|Any CPU
		{8A841F85-0F67-4E94-AD96-A8FE6AB7DBC3}.Debug|Any CPU.ActiveCfg = Debug|Any CPU
		{8A841F85-0F67-4E94-AD96-A8FE6AB7DBC3}.Debug|Any CPU.Build.0 = Debug|Any CPU
		{8A841F85-0F67-4E94-AD96-A8FE6AB7DBC3}.Debug|ARM.ActiveCfg = Debug|Any CPU
		{8A841F85-0F67-4E94-AD96-A8FE6AB7DBC3}.Debug|ARM.Build.0 = Debug|Any CPU
		{8A841F85-0F67-4E94-AD96-A8FE6AB7DBC3}.Debug|ARM64.ActiveCfg = Debug|Any CPU
		{8A841F85-0F67-4E94-AD96-A8FE6AB7DBC3}.Debug|ARM64.Build.0 = Debug|Any CPU
		{8A841F85-0F67-4E94-AD96-A8FE6AB7DBC3}.Debug|x64.ActiveCfg = Debug|Any CPU
		{8A841F85-0F67-4E94-AD96-A8FE6AB7DBC3}.Debug|x64.Build.0 = Debug|Any CPU
		{8A841F85-0F67-4E94-AD96-A8FE6AB7DBC3}.Debug|x86.ActiveCfg = Debug|Any CPU
		{8A841F85-0F67-4E94-AD96-A8FE6AB7DBC3}.Debug|x86.Build.0 = Debug|Any CPU
		{8A841F85-0F67-4E94-AD96-A8FE6AB7DBC3}.Release|Any CPU.ActiveCfg = Release|Any CPU
		{8A841F85-0F67-4E94-AD96-A8FE6AB7DBC3}.Release|Any CPU.Build.0 = Release|Any CPU
		{8A841F85-0F67-4E94-AD96-A8FE6AB7DBC3}.Release|ARM.ActiveCfg = Release|Any CPU
		{8A841F85-0F67-4E94-AD96-A8FE6AB7DBC3}.Release|ARM.Build.0 = Release|Any CPU
		{8A841F85-0F67-4E94-AD96-A8FE6AB7DBC3}.Release|ARM64.ActiveCfg = Release|Any CPU
		{8A841F85-0F67-4E94-AD96-A8FE6AB7DBC3}.Release|ARM64.Build.0 = Release|Any CPU
		{8A841F85-0F67-4E94-AD96-A8FE6AB7DBC3}.Release|x64.ActiveCfg = Release|Any CPU
		{8A841F85-0F67-4E94-AD96-A8FE6AB7DBC3}.Release|x64.Build.0 = Release|Any CPU
		{8A841F85-0F67-4E94-AD96-A8FE6AB7DBC3}.Release|x86.ActiveCfg = Release|Any CPU
		{8A841F85-0F67-4E94-AD96-A8FE6AB7DBC3}.Release|x86.Build.0 = Release|Any CPU
		{F257CD87-093C-4EAC-8CE1-5D85A3252C97}.Debug|Any CPU.ActiveCfg = Debug|Any CPU
		{F257CD87-093C-4EAC-8CE1-5D85A3252C97}.Debug|Any CPU.Build.0 = Debug|Any CPU
		{F257CD87-093C-4EAC-8CE1-5D85A3252C97}.Debug|ARM.ActiveCfg = Debug|Any CPU
		{F257CD87-093C-4EAC-8CE1-5D85A3252C97}.Debug|ARM.Build.0 = Debug|Any CPU
		{F257CD87-093C-4EAC-8CE1-5D85A3252C97}.Debug|ARM64.ActiveCfg = Debug|Any CPU
		{F257CD87-093C-4EAC-8CE1-5D85A3252C97}.Debug|ARM64.Build.0 = Debug|Any CPU
		{F257CD87-093C-4EAC-8CE1-5D85A3252C97}.Debug|x64.ActiveCfg = Debug|Any CPU
		{F257CD87-093C-4EAC-8CE1-5D85A3252C97}.Debug|x64.Build.0 = Debug|Any CPU
		{F257CD87-093C-4EAC-8CE1-5D85A3252C97}.Debug|x86.ActiveCfg = Debug|Any CPU
		{F257CD87-093C-4EAC-8CE1-5D85A3252C97}.Debug|x86.Build.0 = Debug|Any CPU
		{F257CD87-093C-4EAC-8CE1-5D85A3252C97}.Release|Any CPU.ActiveCfg = Release|Any CPU
		{F257CD87-093C-4EAC-8CE1-5D85A3252C97}.Release|Any CPU.Build.0 = Release|Any CPU
		{F257CD87-093C-4EAC-8CE1-5D85A3252C97}.Release|ARM.ActiveCfg = Release|Any CPU
		{F257CD87-093C-4EAC-8CE1-5D85A3252C97}.Release|ARM.Build.0 = Release|Any CPU
		{F257CD87-093C-4EAC-8CE1-5D85A3252C97}.Release|ARM64.ActiveCfg = Release|Any CPU
		{F257CD87-093C-4EAC-8CE1-5D85A3252C97}.Release|ARM64.Build.0 = Release|Any CPU
		{F257CD87-093C-4EAC-8CE1-5D85A3252C97}.Release|x64.ActiveCfg = Release|Any CPU
		{F257CD87-093C-4EAC-8CE1-5D85A3252C97}.Release|x64.Build.0 = Release|Any CPU
		{F257CD87-093C-4EAC-8CE1-5D85A3252C97}.Release|x86.ActiveCfg = Release|Any CPU
		{F257CD87-093C-4EAC-8CE1-5D85A3252C97}.Release|x86.Build.0 = Release|Any CPU
	EndGlobalSection
	GlobalSection(SolutionProperties) = preSolution
		HideSolutionNode = FALSE
	EndGlobalSection
	GlobalSection(ExtensibilityGlobals) = postSolution
		SolutionGuid = {772515BA-79D4-4C5D-AF16-29DE649EC13E}
	EndGlobalSection
EndGlobal
