<Solution>
  <Folder Name="/Tests/" Id="02ea681e-c7d8-13c7-8484-4ac65e1b71e8">
    <Project Path="Test/Bookgen.Tests/Bookgen.Tests.csproj" />
  </Folder>
  <Project Path="Source/BookGen.Cli/BookGen.Cli.csproj" />
  <Project Path="Source/BookGen.Contents/BookGen.Contents.csproj" />
  <Project Path="Source/Bookgen.Lib/Bookgen.Lib.csproj" />
  <Project Path="Source/BookGen.Shellprog/BookGen.Shellprog.csproj" />
</Solution>
