
Microsoft Visual Studio Solution File, Format Version 12.00
# Visual Studio Version 16
VisualStudioVersion = 16.0.28803.352
MinimumVisualStudioVersion = 10.0.40219.1
Project("{9A19103F-16F7-4668-BE54-9A1E7A4F7556}") = "BookGen", "BookGen\BookGen.csproj", "{7506F904-59E3-4BFC-83D3-A809850D1E89}"
EndProject
Project("{9A19103F-16F7-4668-BE54-9A1E7A4F7556}") = "BookGen.Core", "BookGen.Core\BookGen.Core.csproj", "{DDD2DD75-B014-4F4B-9CDA-510FDD4AF583}"
EndProject
Project("{9A19103F-16F7-4668-BE54-9A1E7A4F7556}") = "Bookgen.Template", "Bookgen.Template\Bookgen.Template.csproj", "{2417BE2B-76AE-471E-B59D-4C629D96D81F}"
EndProject
Project("{9A19103F-16F7-4668-BE54-9A1E7A4F7556}") = "BookGen.Tests", "BookGen.Tests\BookGen.Tests.csproj", "{48857A68-15FF-443D-B4D8-57AA520E4BD0}"
	ProjectSection(ProjectDependencies) = postProject
		{7506F904-59E3-4BFC-83D3-A809850D1E89} = {7506F904-59E3-4BFC-83D3-A809850D1E89}
		{2417BE2B-76AE-471E-B59D-4C629D96D81F} = {2417BE2B-76AE-471E-B59D-4C629D96D81F}
		{DDD2DD75-B014-4F4B-9CDA-510FDD4AF583} = {DDD2DD75-B014-4F4B-9CDA-510FDD4AF583}
	EndProjectSection
EndProject
Global
	GlobalSection(SolutionConfigurationPlatforms) = preSolution
		Debug|Any CPU = Debug|Any CPU
		Release|Any CPU = Release|Any CPU
	EndGlobalSection
	GlobalSection(ProjectConfigurationPlatforms) = postSolution
		{7506F904-59E3-4BFC-83D3-A809850D1E89}.Debug|Any CPU.ActiveCfg = Debug|Any CPU
		{7506F904-59E3-4BFC-83D3-A809850D1E89}.Debug|Any CPU.Build.0 = Debug|Any CPU
		{7506F904-59E3-4BFC-83D3-A809850D1E89}.Release|Any CPU.ActiveCfg = Release|Any CPU
		{7506F904-59E3-4BFC-83D3-A809850D1E89}.Release|Any CPU.Build.0 = Release|Any CPU
		{DDD2DD75-B014-4F4B-9CDA-510FDD4AF583}.Debug|Any CPU.ActiveCfg = Debug|Any CPU
		{DDD2DD75-B014-4F4B-9CDA-510FDD4AF583}.Debug|Any CPU.Build.0 = Debug|Any CPU
		{DDD2DD75-B014-4F4B-9CDA-510FDD4AF583}.Release|Any CPU.ActiveCfg = Release|Any CPU
		{DDD2DD75-B014-4F4B-9CDA-510FDD4AF583}.Release|Any CPU.Build.0 = Release|Any CPU
		{2417BE2B-76AE-471E-B59D-4C629D96D81F}.Debug|Any CPU.ActiveCfg = Debug|Any CPU
		{2417BE2B-76AE-471E-B59D-4C629D96D81F}.Debug|Any CPU.Build.0 = Debug|Any CPU
		{2417BE2B-76AE-471E-B59D-4C629D96D81F}.Release|Any CPU.ActiveCfg = Release|Any CPU
		{2417BE2B-76AE-471E-B59D-4C629D96D81F}.Release|Any CPU.Build.0 = Release|Any CPU
		{48857A68-15FF-443D-B4D8-57AA520E4BD0}.Debug|Any CPU.ActiveCfg = Debug|Any CPU
		{48857A68-15FF-443D-B4D8-57AA520E4BD0}.Debug|Any CPU.Build.0 = Debug|Any CPU
		{48857A68-15FF-443D-B4D8-57AA520E4BD0}.Release|Any CPU.ActiveCfg = Release|Any CPU
		{48857A68-15FF-443D-B4D8-57AA520E4BD0}.Release|Any CPU.Build.0 = Release|Any CPU
	EndGlobalSection
	GlobalSection(SolutionProperties) = preSolution
		HideSolutionNode = FALSE
	EndGlobalSection
	GlobalSection(ExtensibilityGlobals) = postSolution
		SolutionGuid = {772515BA-79D4-4C5D-AF16-29DE649EC13E}
	EndGlobalSection
EndGlobal
