{
  "version": 1,
  "dependencies": {
    "net10.0": {
      "Microsoft.Extensions.Logging.Abstractions": {
        "type": "Direct",
        "requested": "[10.0.0-rc.1.25451.107, )",
        "resolved": "10.0.0-rc.1.25451.107",
        "contentHash": "RwlHkxMbkgvKs5m0jfguF+a6nZH1qaJVC63cSAODNLMVyX22VumSWwDBgnzFTB3oUHfOnQgLmtEK1U/eEQRLLQ==",
        "dependencies": {
          "Microsoft.Extensions.DependencyInjection.Abstractions": "10.0.0-rc.1.25451.107"
        }
      },
      "Microsoft.Extensions.DependencyInjection.Abstractions": {
        "type": "Transitive",
        "resolved": "10.0.0-rc.1.25451.107",
        "contentHash": "Wm2HfC0GlWExQmJajq85FHM9iHEOm61Z1c2YLivbzI6R5eT+TTSyfk3RHUra4oBU+oj1XhOIQ5hLW6Kg2r85tg=="
      },
      "bookgen.vfs": {
        "type": "Project"
      }
    }
  }
}