{
  "version": 2,
  "dependencies": {
    "net10.0": {
      "Markdig": {
        "type": "Direct",
        "requested": "[0.43.0, )",
        "resolved": "0.43.0",
        "contentHash": "tbP3Y/GYC5pIUWXw6Iqf+R5CwBGA4VJswnlgS2x3TgcHoH4IlnGVmL7hfA1sXkZoCPm/4mhzS8cJUkWhQthaPg=="
      },
      "Microsoft.ClearScript": {
        "type": "Direct",
        "requested": "[7.5.0, )",
        "resolved": "7.5.0",
        "contentHash": "KGMXCEEQ9wO0x+FXEwt6xYZiEBMLMlScW47qn7WnW86jVkpoqCWY8FLviI6Hir9ymKMJfNdXaOE1hQTQQc8dOQ==",
        "dependencies": {
          "Microsoft.ClearScript.V8": "7.5.0",
          "Microsoft.ClearScript.V8.ICUData": "7.5.0",
          "Microsoft.ClearScript.V8.Native.win-x64": "7.5.0",
          "Microsoft.ClearScript.V8.Native.win-x86": "7.5.0",
          "Microsoft.ClearScript.Windows": "7.5.0"
        }
      },
      "Microsoft.ClearScript.V8.Native.linux-x64": {
        "type": "Direct",
        "requested": "[7.5.0, )",
        "resolved": "7.5.0",
        "contentHash": "snoN9oRwKqShA32IsuCanLjNtP8hros2WOrOBL7g+ED3AV40qwrsbfKwWq37BzogrfsF1aEVoDkBpE19Az7DVQ=="
      },
      "Microsoft.ClearScript.V8.Native.win-x64": {
        "type": "Direct",
        "requested": "[7.5.0, )",
        "resolved": "7.5.0",
        "contentHash": "DKMxDLboTNflYkwDQ/ELrSf1vXTpew5UZ8xzrXSVKYFBU570VA6NKh1etEGhufuCuDyU7Je5L2g6H+19Dbl+tA=="
      },
      "SkiaSharp": {
        "type": "Direct",
        "requested": "[3.119.1, )",
        "resolved": "3.119.1",
        "contentHash": "+Ru1BTSZQne3Vp+vbSb50Ke3Nlc3ZnItxx4+751J9WZ8YzLKAV/n+9DAo4zFTyeCI//ueT63c+VybmTTpYBEiw==",
        "dependencies": {
          "SkiaSharp.NativeAssets.Win32": "3.119.1",
          "SkiaSharp.NativeAssets.macOS": "3.119.1"
        }
      },
      "SkiaSharp.NativeAssets.Linux": {
        "type": "Direct",
        "requested": "[3.119.1, )",
        "resolved": "3.119.1",
        "contentHash": "9YNoc4SeKvQhrwiqwT4ezkNfMywPdPSK+UFvo/CaoXqLixcnYOTsQKm5BF9mc4+q3vKgDtEgMt0d1ygZhJTEHg=="
      },
      "SkiaSharp.NativeAssets.Win32": {
        "type": "Direct",
        "requested": "[3.119.1, )",
        "resolved": "3.119.1",
        "contentHash": "8C4GSXVJqSr0y3Tyyv5jz6MJSTVUyYkMjeKrzK+VyZPGLo89MNoUEclVuYahzOCDdtbfXrd2HtxXfDuvoSXrUw=="
      },
      "Svg.Skia": {
        "type": "Direct",
        "requested": "[3.2.1, )",
        "resolved": "3.2.1",
        "contentHash": "pRJtMOc2hTcnxSu7cx6lf806S+2VrQ0eqUpGMBUQQ/pIIvzrtn0+lUjdABTvjr5rsdQF9OxE+r9npq2+3c6T4A==",
        "dependencies": {
          "SkiaSharp": "2.88.9",
          "Svg.Custom": "3.2.1",
          "Svg.Model": "3.2.1"
        }
      },
      "System.ServiceModel.Syndication": {
        "type": "Direct",
        "requested": "[10.0.0-rc.2.25502.107, )",
        "resolved": "10.0.0-rc.2.25502.107",
        "contentHash": "TRiz9bprZx+ZzkTIXtL8D1OEFHB4NhQ/IYgU9dcz+NXjR8xwbegm5M/TwzcrKWAQ7BHcWidoyVg57erEhRdalg=="
      },
      "YamlDotNet": {
        "type": "Direct",
        "requested": "[16.3.0, )",
        "resolved": "16.3.0",
        "contentHash": "SgMOdxbz8X65z8hraIs6hOEdnkH6hESTAIUa7viEngHOYaH+6q5XJmwr1+yb9vJpNQ19hCQY69xbFsLtXpobQA=="
      },
      "ExCSS": {
        "type": "Transitive",
        "resolved": "4.3.1",
        "contentHash": "A8UtcghHQlWxPJhJF5bsfEYO7068JHGTuJ7tzyyMjd5fE/N/xY1cVOUhzuLLFwMOCJVnM4mqSQc93W9fGfZ1kA=="
      },
      "Microsoft.ClearScript.Core": {
        "type": "Transitive",
        "resolved": "7.5.0",
        "contentHash": "7BfzQZA7LdgpfJGSy/GBzKuURb32UpJGQObH5WAavkUxS/u9h/KaEl8N4812F6f4UWVrtwI5XdRgLMu6ukt38A=="
      },
      "Microsoft.ClearScript.V8": {
        "type": "Transitive",
        "resolved": "7.5.0",
        "contentHash": "k2xS9o6Oz57xx24nVhOqrkmJN/sDdkYTwdfmu2XS5KpnmAyqeVJBCfc9Wh83UvKUYb7lQBHSCk7gk2hLyJoG4Q==",
        "dependencies": {
          "Microsoft.ClearScript.Core": "7.5.0",
          "Microsoft.ClearScript.V8.ICUData": "7.5.0",
          "Newtonsoft.Json": "13.0.3"
        }
      },
      "Microsoft.ClearScript.V8.ICUData": {
        "type": "Transitive",
        "resolved": "7.5.0",
        "contentHash": "brX7rIjvZPt/ZDSZOPf36ULxhlsFcEgg2WLeOXCFkexTH7MWgUGy//6vMry/QvTLhSgDrs5z+8SbEU1krnuxRg=="
      },
      "Microsoft.ClearScript.V8.Native.win-x86": {
        "type": "Transitive",
        "resolved": "7.5.0",
        "contentHash": "rBbkxbCM6D4Y7xrKPcf2XJ3aD9pNik1q64ZleR6pT+RJZRz/7aDbMmcCcDm29AUnu2QHmrSsPA3KpLZm5rmnFg=="
      },
      "Microsoft.ClearScript.Windows": {
        "type": "Transitive",
        "resolved": "7.5.0",
        "contentHash": "ys1Zw+l+JYK38W2FD9dTCjWZ8pmF8d+0IsMnZfpRg5l76hQ7MX4fQaoC+s+3gAGy25Mj3EnrQd5ibF3dHbJ2vA==",
        "dependencies": {
          "Microsoft.ClearScript.Windows.Core": "7.5.0"
        }
      },
      "Microsoft.ClearScript.Windows.Core": {
        "type": "Transitive",
        "resolved": "7.5.0",
        "contentHash": "NEb7G0s0iIgkZpFRkXmXKAEQnqYdL2zRsfGIeqc9vxSK8T6dPPsnMVHvyrbAa3271S738N7nZ9BV7pAGW1ACcw==",
        "dependencies": {
          "Microsoft.ClearScript.Core": "7.5.0"
        }
      },
      "Newtonsoft.Json": {
        "type": "Transitive",
        "resolved": "13.0.3",
        "contentHash": "HrC5BXdl00IP9zeV+0Z848QWPAoCr9P3bDEZguI+gkLcBKAOxix/tLEAAHC+UvDNPv4a2d18lOReHMOagPa+zQ=="
      },
      "ShimSkiaSharp": {
        "type": "Transitive",
        "resolved": "3.2.1",
        "contentHash": "WyMf+0aj5IJcHkG/t89WApGFg756oXB30ehu9kYu9hjdfS0snkXHoAiTJZqVlqyLOvzC6eA+nOQ2hI84g//5Pg=="
      },
      "SkiaSharp.NativeAssets.macOS": {
        "type": "Transitive",
        "resolved": "3.119.1",
        "contentHash": "6hR3BdLhApjDxR1bFrJ7/lMydPfI01s3K+3WjIXFUlfC0MFCFCwRzv+JtzIkW9bDXs7XUVQS+6EVf0uzCasnGQ=="
      },
      "Svg.Custom": {
        "type": "Transitive",
        "resolved": "3.2.1",
        "contentHash": "Wu0+Il+SZfY5+AT25b2PMlSbBrzGIo/6vMMMdOK8jd25I9tdJJbxOFJNG87gFgo9UY9OmpIFzVobGOHzFdJYeQ==",
        "dependencies": {
          "ExCSS": "4.3.1"
        }
      },
      "Svg.Model": {
        "type": "Transitive",
        "resolved": "3.2.1",
        "contentHash": "N4yWlvqv1XWZ+VvI29lT4HkEgtiP3rS/poMfWiVzz6Ao/3IjQCfmo2qrKphq77IqTdMYyh7wGDknMId7YrQY5Q==",
        "dependencies": {
          "ShimSkiaSharp": "3.2.1",
          "Svg.Custom": "3.2.1"
        }
      },
      "bookgen.shell.shared": {
        "type": "Project",
        "dependencies": {
          "Webmaster442.WindowsTerminal": "[4.0.0, )"
        }
      },
      "bookgen.vfs": {
        "type": "Project"
      },
      "Webmaster442.WindowsTerminal": {
        "type": "CentralTransitive",
        "requested": "[4.0.0, )",
        "resolved": "4.0.0",
        "contentHash": "NG6kGSt83OWcRRVdzD5D8O4xWupE0FiFxTIz9dnm+jt1eK3DYyEhXX939vOyXSVVz3xFUhldKchOrtJSJx35kA=="
      }
    }
  }
}