{
  "version": 2,
  "dependencies": {
    "net11.0": {
      "Roslynator.Analyzers": {
        "type": "Direct",
        "requested": "[4.16.1, )",
        "resolved": "4.16.1",
        "contentHash": "AGzq3UZvIwTGSh9xyIna+Q9F666S8UaLlX/Pk3Iz21qIAWjL8iYporVCcX1k/oi5chrRZ8VJRahup4me4HZptw=="
      },
      "Spectre.Console": {
        "type": "Direct",
        "requested": "[0.57.2, )",
        "resolved": "0.57.2",
        "contentHash": "wzsB+P9i6F9G+cFOJxRotCiQWNSzZVAMxi8YMiHlGXXU1JLMXGp7zSSqBMmROZS2bzpK5jk+Saa7Evp8HwqhKg==",
        "dependencies": {
          "Spectre.Console.Ansi": "0.57.2"
        }
      },
      "Spectre.Console.Analyzer": {
        "type": "Direct",
        "requested": "[1.0.0, )",
        "resolved": "1.0.0",
        "contentHash": "TojbwWASRf3PMUsotXa8MQ9SNwEwWZZ5bAYf1eLv+jiDsxaD/n7TKTi3da6z4+m8uZHri2i+BVRuLj5w+6j64Q=="
      },
      "Webmaster442.WindowsTerminal": {
        "type": "Direct",
        "requested": "[4.1.1, )",
        "resolved": "4.1.1",
        "contentHash": "0z1y6nFmpAhHP0x/aus62qIS+MDwntC8JYvkqEm5v9QyszzmyQG5Jp01a6FYacaXZ7CsvQgV7TzhA6G6p6MTSA=="
      },
      "Spectre.Console.Ansi": {
        "type": "Transitive",
        "resolved": "0.57.2",
        "contentHash": "Y1+u73shwP+JYHmrkdN6bSt2kaGBEAafhi2nrecczbXdFRey+k7J/WF9YPfcB0rqivv2S8fmif6FSBq9m/AFvw=="
      }
    }
  }
}