{
  "version": 2,
  "dependencies": {
    "net10.0": {
      "Microsoft.Extensions.Logging.Abstractions": {
        "type": "Direct",
        "requested": "[10.0.8, )",
        "resolved": "10.0.8",
        "contentHash": "fdVadZmsC8jRP0KvKy8mO8f6GV/HyBvElfcSxEhd+5FM5boAw/01iSaCto5G3G37ApJira4A3pNaVvBv8cUiLQ==",
        "dependencies": {
          "Microsoft.Extensions.DependencyInjection.Abstractions": "10.0.8"
        }
      },
      "Spectre.Console": {
        "type": "Direct",
        "requested": "[0.56.0, )",
        "resolved": "0.56.0",
        "contentHash": "ail4U9yR02kKtaOQl0k/bMid/UkujehsYLa8DsYpsmioYkJYmHIWh5us5HTskP74yYcBLcmdTcxBUpNgg2EwZg==",
        "dependencies": {
          "Spectre.Console.Ansi": "0.56.0"
        }
      },
      "Spectre.Console.Analyzer": {
        "type": "Direct",
        "requested": "[1.0.0, )",
        "resolved": "1.0.0",
        "contentHash": "TojbwWASRf3PMUsotXa8MQ9SNwEwWZZ5bAYf1eLv+jiDsxaD/n7TKTi3da6z4+m8uZHri2i+BVRuLj5w+6j64Q=="
      },
      "Webmaster442.WindowsTerminal": {
        "type": "Direct",
        "requested": "[4.1.1, )",
        "resolved": "4.1.1",
        "contentHash": "0z1y6nFmpAhHP0x/aus62qIS+MDwntC8JYvkqEm5v9QyszzmyQG5Jp01a6FYacaXZ7CsvQgV7TzhA6G6p6MTSA=="
      },
      "Spectre.Console.Ansi": {
        "type": "Transitive",
        "resolved": "0.56.0",
        "contentHash": "AAvLsqrwOrKQQ2mKQ02VUN2s90C758ZlDHVjHZ1MfGgd7+vELPayS/j8nTppEAXd1+JHQQjpey/bMGjbmpMmNg=="
      },
      "Microsoft.Extensions.DependencyInjection.Abstractions": {
        "type": "CentralTransitive",
        "requested": "[10.0.8, )",
        "resolved": "10.0.8",
        "contentHash": "21nbDV60SRPWGIivsyl6lqBeEJNG1sginhhfWgRrr3Ais7aQ12To25OAHQxgoiJkjqy1aQ6RxpZBGYuTi7Ge6A=="
      }
    }
  }
}